
Microsoft Visual Studio Solution File, Format Version 12.00
# Visual Studio Version 17
VisualStudioVersion = 17.5.33627.172
MinimumVisualStudioVersion = 10.0.40219.1
Project("{8BC9CEB8-8B4A-11D0-8D11-00A0C91BC942}") = "Survival_Modify", "Survival_Modify.vcxproj", "{ADD36F6B-1D17-4843-877C-06FF1D6EC296}"
EndProject
Global
	GlobalSection(SolutionConfigurationPlatforms) = preSolution
		Debug|x64 = Debug|x64
		Debug|x86 = Debug|x86
		Release|x64 = Release|x64
		Release|x86 = Release|x86
	EndGlobalSection
	GlobalSection(ProjectConfigurationPlatforms) = postSolution
		{ADD36F6B-1D17-4843-877C-06FF1D6EC296}.Debug|x64.ActiveCfg = Debug|x64
		{ADD36F6B-1D17-4843-877C-06FF1D6EC296}.Debug|x64.Build.0 = Debug|x64
		{ADD36F6B-1D17-4843-877C-06FF1D6EC296}.Debug|x86.ActiveCfg = Debug|Win32
		{ADD36F6B-1D17-4843-877C-06FF1D6EC296}.Debug|x86.Build.0 = Debug|Win32
		{ADD36F6B-1D17-4843-877C-06FF1D6EC296}.Release|x64.ActiveCfg = Release|x64
		{ADD36F6B-1D17-4843-877C-06FF1D6EC296}.Release|x64.Build.0 = Release|x64
		{ADD36F6B-1D17-4843-877C-06FF1D6EC296}.Release|x86.ActiveCfg = Release|Win32
		{ADD36F6B-1D17-4843-877C-06FF1D6EC296}.Release|x86.Build.0 = Release|Win32
	EndGlobalSection
	GlobalSection(SolutionProperties) = preSolution
		HideSolutionNode = FALSE
	EndGlobalSection
	GlobalSection(ExtensibilityGlobals) = postSolution
		SolutionGuid = {389BC76A-332B-4011-B18C-D9A11458A4C6}
	EndGlobalSection
EndGlobal
